
Microsoft Visual Studio Solution File, Format Version 12.00
# Visual Studio 15
VisualStudioVersion = 15.0.28010.2050
MinimumVisualStudioVersion = 10.0.40219.1
Project("{FAE04EC0-301F-11D3-BF4B-00C04F79EFBC}") = "Battleships", "Battleships\Battleships.csproj", "{EDF74496-7E8B-4E6D-94BF-CD02610C93F6}"
EndProject
Project("{FAE04EC0-301F-11D3-BF4B-00C04F79EFBC}") = "WPFLocalization", "WPFLocalization\WPFLocalization.csproj", "{447B98DC-3053-488B-8BB0-21BDC4F27456}"
EndProject
Global
	GlobalSection(SolutionConfigurationPlatforms) = preSolution
		Debug|Any CPU = Debug|Any CPU
		Release|Any CPU = Release|Any CPU
	EndGlobalSection
	GlobalSection(ProjectConfigurationPlatforms) = postSolution
		{EDF74496-7E8B-4E6D-94BF-CD02610C93F6}.Debug|Any CPU.ActiveCfg = Debug|Any CPU
		{EDF74496-7E8B-4E6D-94BF-CD02610C93F6}.Debug|Any CPU.Build.0 = Debug|Any CPU
		{EDF74496-7E8B-4E6D-94BF-CD02610C93F6}.Release|Any CPU.ActiveCfg = Release|Any CPU
		{EDF74496-7E8B-4E6D-94BF-CD02610C93F6}.Release|Any CPU.Build.0 = Release|Any CPU
		{447B98DC-3053-488B-8BB0-21BDC4F27456}.Debug|Any CPU.ActiveCfg = Debug|Any CPU
		{447B98DC-3053-488B-8BB0-21BDC4F27456}.Debug|Any CPU.Build.0 = Debug|Any CPU
		{447B98DC-3053-488B-8BB0-21BDC4F27456}.Release|Any CPU.ActiveCfg = Release|Any CPU
		{447B98DC-3053-488B-8BB0-21BDC4F27456}.Release|Any CPU.Build.0 = Release|Any CPU
	EndGlobalSection
	GlobalSection(SolutionProperties) = preSolution
		HideSolutionNode = FALSE
	EndGlobalSection
	GlobalSection(ExtensibilityGlobals) = postSolution
		SolutionGuid = {08924013-5A05-42D1-9C02-C8D5B4A588D0}
	EndGlobalSection
EndGlobal
